
Microsoft Visual Studio Solution File, Format Version 12.00
# Visual Studio Version 17
VisualStudioVersion = 17.10.34928.147
MinimumVisualStudioVersion = 10.0.40219.1
Project("{FAE04EC0-301F-11D3-BF4B-00C04F79EFBC}") = "api dotnet", "api dotnet\api dotnet.csproj", "{82F92D78-F75E-4A77-8E57-43A4849EAE6D}"
EndProject
Global
	GlobalSection(SolutionConfigurationPlatforms) = preSolution
		Debug|Any CPU = Debug|Any CPU
		Release|Any CPU = Release|Any CPU
	EndGlobalSection
	GlobalSection(ProjectConfigurationPlatforms) = postSolution
		{82F92D78-F75E-4A77-8E57-43A4849EAE6D}.Debug|Any CPU.ActiveCfg = Debug|Any CPU
		{82F92D78-F75E-4A77-8E57-43A4849EAE6D}.Debug|Any CPU.Build.0 = Debug|Any CPU
		{82F92D78-F75E-4A77-8E57-43A4849EAE6D}.Release|Any CPU.ActiveCfg = Release|Any CPU
		{82F92D78-F75E-4A77-8E57-43A4849EAE6D}.Release|Any CPU.Build.0 = Release|Any CPU
	EndGlobalSection
	GlobalSection(SolutionProperties) = preSolution
		HideSolutionNode = FALSE
	EndGlobalSection
	GlobalSection(ExtensibilityGlobals) = postSolution
		SolutionGuid = {E403A680-D42E-4C5C-A805-50387A03A8EC}
	EndGlobalSection
EndGlobal
